{
    "hash": "6a544d80d147afac666f28d01ae83a61",
    "packages": [
        {
            "package": "symfony/class-loader",
            "version": "dev-master",
            "alias-pretty-version": "2.2.x-dev",
            "alias-version": "2.2.9999999.9999999-dev"
        },
        {
            "package": "symfony/class-loader",
            "version": "dev-master",
            "source-reference": "10a8db6444fe290943cd59ae79d40dc1dd640ccf",
            "commit-date": "1346957130"
        },
        {
            "package": "symfony/http-foundation",
            "version": "dev-master",
            "alias-pretty-version": "2.2.x-dev",
            "alias-version": "2.2.9999999.9999999-dev"
        },
        {
            "package": "symfony/http-foundation",
            "version": "dev-master",
            "source-reference": "b9fdabe6e00f686bcd2c9fc7ce2ce330b46bbe4e",
            "commit-date": "1347270696"
        }
    ],
    "packages-dev": null,
    "aliases": [

    ],
    "minimum-stability": "stable",
    "stability-flags": {
        "symfony/class-loader": 20,
        "symfony/http-foundation": 20
    }
}
